
Microsoft Visual Studio Solution File, Format Version 12.00
# Visual Studio Version 16
VisualStudioVersion = 16.0.29806.167
MinimumVisualStudioVersion = 10.0.40219.1
Project("{FAE04EC0-301F-11D3-BF4B-00C04F79EFBC}") = "OctoBrokerAPI", "OctoBrokerAPI\OctoBrokerAPI.csproj", "{DA41A55D-3F91-4FA8-BA24-F3BE161F6E93}"
EndProject
Project("{FAE04EC0-301F-11D3-BF4B-00C04F79EFBC}") = "OctoLibrary", "OctoLibrary\OctoLibrary.csproj", "{C3508EEA-178C-4E06-9322-35361DCD9571}"
EndProject
Project("{FAE04EC0-301F-11D3-BF4B-00C04F79EFBC}") = "SlicingBroker", "SlicingBroker\SlicingBroker.csproj", "{699F76C3-E890-4D7A-8E1F-D37F999B9F6B}"
EndProject
Project("{FAE04EC0-301F-11D3-BF4B-00C04F79EFBC}") = "GcodeToMesh", "GcodeToMesh\GcodeToMesh.csproj", "{BE8804D3-4D55-4603-A6DE-6D462F6B3BBA}"
EndProject
Global
	GlobalSection(SolutionConfigurationPlatforms) = preSolution
		Debug|Any CPU = Debug|Any CPU
		Release|Any CPU = Release|Any CPU
	EndGlobalSection
	GlobalSection(ProjectConfigurationPlatforms) = postSolution
		{DA41A55D-3F91-4FA8-BA24-F3BE161F6E93}.Debug|Any CPU.ActiveCfg = Debug|Any CPU
		{DA41A55D-3F91-4FA8-BA24-F3BE161F6E93}.Debug|Any CPU.Build.0 = Debug|Any CPU
		{DA41A55D-3F91-4FA8-BA24-F3BE161F6E93}.Release|Any CPU.ActiveCfg = Release|Any CPU
		{DA41A55D-3F91-4FA8-BA24-F3BE161F6E93}.Release|Any CPU.Build.0 = Release|Any CPU
		{C3508EEA-178C-4E06-9322-35361DCD9571}.Debug|Any CPU.ActiveCfg = Debug|Any CPU
		{C3508EEA-178C-4E06-9322-35361DCD9571}.Debug|Any CPU.Build.0 = Debug|Any CPU
		{C3508EEA-178C-4E06-9322-35361DCD9571}.Release|Any CPU.ActiveCfg = Release|Any CPU
		{C3508EEA-178C-4E06-9322-35361DCD9571}.Release|Any CPU.Build.0 = Release|Any CPU
		{699F76C3-E890-4D7A-8E1F-D37F999B9F6B}.Debug|Any CPU.ActiveCfg = Debug|Any CPU
		{699F76C3-E890-4D7A-8E1F-D37F999B9F6B}.Debug|Any CPU.Build.0 = Debug|Any CPU
		{699F76C3-E890-4D7A-8E1F-D37F999B9F6B}.Release|Any CPU.ActiveCfg = Release|Any CPU
		{699F76C3-E890-4D7A-8E1F-D37F999B9F6B}.Release|Any CPU.Build.0 = Release|Any CPU
		{BE8804D3-4D55-4603-A6DE-6D462F6B3BBA}.Debug|Any CPU.ActiveCfg = Debug|Any CPU
		{BE8804D3-4D55-4603-A6DE-6D462F6B3BBA}.Debug|Any CPU.Build.0 = Debug|Any CPU
		{BE8804D3-4D55-4603-A6DE-6D462F6B3BBA}.Release|Any CPU.ActiveCfg = Release|Any CPU
		{BE8804D3-4D55-4603-A6DE-6D462F6B3BBA}.Release|Any CPU.Build.0 = Release|Any CPU
	EndGlobalSection
	GlobalSection(SolutionProperties) = preSolution
		HideSolutionNode = FALSE
	EndGlobalSection
	GlobalSection(ExtensibilityGlobals) = postSolution
		SolutionGuid = {CF0B106A-33E8-48E8-A02A-0BA6783F1D3C}
	EndGlobalSection
EndGlobal
